
Microsoft Visual Studio Solution File, Format Version 12.00
# Visual Studio Version 17
VisualStudioVersion = 17.10.35027.167
MinimumVisualStudioVersion = 10.0.40219.1
Project("{9A19103F-16F7-4668-BE54-9A1E7A4F7556}") = "CommerceTraining", "CommerceTraining.csproj", "{1D71466F-DC86-4A46-AAE3-0E59C405182C}"
EndProject
Global
	GlobalSection(SolutionConfigurationPlatforms) = preSolution
		Debug|Any CPU = Debug|Any CPU
		Release|Any CPU = Release|Any CPU
	EndGlobalSection
	GlobalSection(ProjectConfigurationPlatforms) = postSolution
		{1D71466F-DC86-4A46-AAE3-0E59C405182C}.Debug|Any CPU.ActiveCfg = Debug|Any CPU
		{1D71466F-DC86-4A46-AAE3-0E59C405182C}.Debug|Any CPU.Build.0 = Debug|Any CPU
		{1D71466F-DC86-4A46-AAE3-0E59C405182C}.Release|Any CPU.ActiveCfg = Release|Any CPU
		{1D71466F-DC86-4A46-AAE3-0E59C405182C}.Release|Any CPU.Build.0 = Release|Any CPU
	EndGlobalSection
	GlobalSection(SolutionProperties) = preSolution
		HideSolutionNode = FALSE
	EndGlobalSection
	GlobalSection(ExtensibilityGlobals) = postSolution
		SolutionGuid = {0D68E7EE-B2DB-4BC9-83E0-994C070CC59C}
	EndGlobalSection
EndGlobal
